
Microsoft Visual Studio Solution File, Format Version 12.00
# Visual Studio 15
Project("{FAE04EC0-301F-11D3-BF4B-00C04F79EFBC}") = "SteamVR", "SteamVR.csproj", "{4E11B57A-8800-325F-A9B2-4D53B8447ECA}"
EndProject
Project("{FAE04EC0-301F-11D3-BF4B-00C04F79EFBC}") = "PhotonUnityNetworking.Utilities", "PhotonUnityNetworking.Utilities.csproj", "{EB8E8159-7878-4216-D7A7-9F613AA121A3}"
EndProject
Project("{FAE04EC0-301F-11D3-BF4B-00C04F79EFBC}") = "Assembly-CSharp", "Assembly-CSharp.csproj", "{1451ED1A-2E8E-9197-5AE0-04C88B3DCA9D}"
EndProject
Project("{FAE04EC0-301F-11D3-BF4B-00C04F79EFBC}") = "PhotonVoice.API", "PhotonVoice.API.csproj", "{EA65413E-8FB5-B3D6-A6C5-860F6B556500}"
EndProject
Project("{FAE04EC0-301F-11D3-BF4B-00C04F79EFBC}") = "PhotonVoice", "PhotonVoice.csproj", "{056A4628-18B6-A928-DC84-E270829EAB87}"
EndProject
Project("{FAE04EC0-301F-11D3-BF4B-00C04F79EFBC}") = "PhotonUnityNetworking.Demos", "PhotonUnityNetworking.Demos.csproj", "{2DE353CA-978A-1DE2-A686-AA03DD52DEEA}"
EndProject
Project("{FAE04EC0-301F-11D3-BF4B-00C04F79EFBC}") = "PhotonUnityNetworking", "PhotonUnityNetworking.csproj", "{D1AA8C1C-E42E-B350-2823-E62CB70DDF19}"
EndProject
Project("{FAE04EC0-301F-11D3-BF4B-00C04F79EFBC}") = "PhotonChat", "PhotonChat.csproj", "{3A08D5E7-CA42-FE5D-A330-F7C5F2D32FEC}"
EndProject
Project("{FAE04EC0-301F-11D3-BF4B-00C04F79EFBC}") = "PhotonRealtime", "PhotonRealtime.csproj", "{1EA89150-024C-8F9A-CC2C-EED24E861F75}"
EndProject
Project("{FAE04EC0-301F-11D3-BF4B-00C04F79EFBC}") = "PhotonVoice.PUN", "PhotonVoice.PUN.csproj", "{3FABCE78-EB7B-C2D8-26E1-8EF99A88B87E}"
EndProject
Project("{FAE04EC0-301F-11D3-BF4B-00C04F79EFBC}") = "SteamVR_Actions", "SteamVR_Actions.csproj", "{1DB78FB8-921B-2C9C-2980-C32253380968}"
EndProject
Project("{FAE04EC0-301F-11D3-BF4B-00C04F79EFBC}") = "PhotonUnityNetworking.Editor", "PhotonUnityNetworking.Editor.csproj", "{1E9B9DAC-99A3-12BE-9DD4-47154EB9CB53}"
EndProject
Project("{FAE04EC0-301F-11D3-BF4B-00C04F79EFBC}") = "SteamVR_Input_Editor", "SteamVR_Input_Editor.csproj", "{42C8CD2F-4E7A-6B8D-EADC-3C1C69E89700}"
EndProject
Project("{FAE04EC0-301F-11D3-BF4B-00C04F79EFBC}") = "SteamVR_Editor", "SteamVR_Editor.csproj", "{5E0F9C53-ACEF-2EFF-B842-962C51B4E8C7}"
EndProject
Project("{FAE04EC0-301F-11D3-BF4B-00C04F79EFBC}") = "PhotonVoice.Editor", "PhotonVoice.Editor.csproj", "{E9E655B6-19AB-CFBD-029C-8BF9E2098DF5}"
EndProject
Project("{FAE04EC0-301F-11D3-BF4B-00C04F79EFBC}") = "Assembly-CSharp-Editor-firstpass", "Assembly-CSharp-Editor-firstpass.csproj", "{4B2FC463-6F05-1467-8B7F-B18BA5D85FAC}"
EndProject
Project("{FAE04EC0-301F-11D3-BF4B-00C04F79EFBC}") = "Assembly-CSharp-Editor", "Assembly-CSharp-Editor.csproj", "{D985415B-939A-8F04-E461-EB9A7DEAF45A}"
EndProject
Project("{FAE04EC0-301F-11D3-BF4B-00C04F79EFBC}") = "PhotonUnityNetworking.Utilities.PhotonPlayer.Editor", "PhotonUnityNetworking.Utilities.PhotonPlayer.Editor.csproj", "{EE1603BC-F7E7-AA79-129E-DDA360A17176}"
EndProject
Project("{FAE04EC0-301F-11D3-BF4B-00C04F79EFBC}") = "Unity.Recorder.Samples.Editor", "Unity.Recorder.Samples.Editor.csproj", "{D82A380C-5C5C-A0DD-4B09-46C03376DCE1}"
EndProject
Project("{FAE04EC0-301F-11D3-BF4B-00C04F79EFBC}") = "PunDemos.DemoSlotcarEditor", "PunDemos.DemoSlotcarEditor.csproj", "{E7530EF5-3A78-824E-9979-57241A751ACF}"
EndProject
Project("{FAE04EC0-301F-11D3-BF4B-00C04F79EFBC}") = "PhotonUnityNetworking.Utilities.Culling.Editor", "PhotonUnityNetworking.Utilities.Culling.Editor.csproj", "{D03FBFA8-A309-5DD6-6A74-F1C88C10B11B}"
EndProject
Project("{FAE04EC0-301F-11D3-BF4B-00C04F79EFBC}") = "SteamVR_Windows_EditorHelper", "SteamVR_Windows_EditorHelper.csproj", "{7CF399C6-8B2F-D9EA-36BA-C9B71C6880E3}"
EndProject
Project("{FAE04EC0-301F-11D3-BF4B-00C04F79EFBC}") = "PunDemos.DemoHubEditor", "PunDemos.DemoHubEditor.csproj", "{D8AD885D-ADB6-B172-F1C0-EF490699AAB8}"
EndProject
Project("{FAE04EC0-301F-11D3-BF4B-00C04F79EFBC}") = "PhotonVoice.Utilities.Editor", "PhotonVoice.Utilities.Editor.csproj", "{8BCD7CF2-5E6A-4125-254F-0BE5A6D50C92}"
EndProject
Project("{FAE04EC0-301F-11D3-BF4B-00C04F79EFBC}") = "PhotonVoice.PUN.Editor", "PhotonVoice.PUN.Editor.csproj", "{9B69972C-14FA-7885-9689-7222C07A06C0}"
EndProject
Global
	GlobalSection(SolutionConfigurationPlatforms) = preSolution
		Debug|Any CPU = Debug|Any CPU
		Release|Any CPU = Release|Any CPU
	EndGlobalSection
	GlobalSection(ProjectConfigurationPlatforms) = postSolution
		{4E11B57A-8800-325F-A9B2-4D53B8447ECA}.Debug|Any CPU.ActiveCfg = Debug|Any CPU
		{4E11B57A-8800-325F-A9B2-4D53B8447ECA}.Debug|Any CPU.Build.0 = Debug|Any CPU
		{4E11B57A-8800-325F-A9B2-4D53B8447ECA}.Release|Any CPU.ActiveCfg = Release|Any CPU
		{4E11B57A-8800-325F-A9B2-4D53B8447ECA}.Release|Any CPU.Build.0 = Release|Any CPU
		{EB8E8159-7878-4216-D7A7-9F613AA121A3}.Debug|Any CPU.ActiveCfg = Debug|Any CPU
		{EB8E8159-7878-4216-D7A7-9F613AA121A3}.Debug|Any CPU.Build.0 = Debug|Any CPU
		{EB8E8159-7878-4216-D7A7-9F613AA121A3}.Release|Any CPU.ActiveCfg = Release|Any CPU
		{EB8E8159-7878-4216-D7A7-9F613AA121A3}.Release|Any CPU.Build.0 = Release|Any CPU
		{1451ED1A-2E8E-9197-5AE0-04C88B3DCA9D}.Debug|Any CPU.ActiveCfg = Debug|Any CPU
		{1451ED1A-2E8E-9197-5AE0-04C88B3DCA9D}.Debug|Any CPU.Build.0 = Debug|Any CPU
		{1451ED1A-2E8E-9197-5AE0-04C88B3DCA9D}.Release|Any CPU.ActiveCfg = Release|Any CPU
		{1451ED1A-2E8E-9197-5AE0-04C88B3DCA9D}.Release|Any CPU.Build.0 = Release|Any CPU
		{EA65413E-8FB5-B3D6-A6C5-860F6B556500}.Debug|Any CPU.ActiveCfg = Debug|Any CPU
		{EA65413E-8FB5-B3D6-A6C5-860F6B556500}.Debug|Any CPU.Build.0 = Debug|Any CPU
		{EA65413E-8FB5-B3D6-A6C5-860F6B556500}.Release|Any CPU.ActiveCfg = Release|Any CPU
		{EA65413E-8FB5-B3D6-A6C5-860F6B556500}.Release|Any CPU.Build.0 = Release|Any CPU
		{056A4628-18B6-A928-DC84-E270829EAB87}.Debug|Any CPU.ActiveCfg = Debug|Any CPU
		{056A4628-18B6-A928-DC84-E270829EAB87}.Debug|Any CPU.Build.0 = Debug|Any CPU
		{056A4628-18B6-A928-DC84-E270829EAB87}.Release|Any CPU.ActiveCfg = Release|Any CPU
		{056A4628-18B6-A928-DC84-E270829EAB87}.Release|Any CPU.Build.0 = Release|Any CPU
		{2DE353CA-978A-1DE2-A686-AA03DD52DEEA}.Debug|Any CPU.ActiveCfg = Debug|Any CPU
		{2DE353CA-978A-1DE2-A686-AA03DD52DEEA}.Debug|Any CPU.Build.0 = Debug|Any CPU
		{2DE353CA-978A-1DE2-A686-AA03DD52DEEA}.Release|Any CPU.ActiveCfg = Release|Any CPU
		{2DE353CA-978A-1DE2-A686-AA03DD52DEEA}.Release|Any CPU.Build.0 = Release|Any CPU
		{D1AA8C1C-E42E-B350-2823-E62CB70DDF19}.Debug|Any CPU.ActiveCfg = Debug|Any CPU
		{D1AA8C1C-E42E-B350-2823-E62CB70DDF19}.Debug|Any CPU.Build.0 = Debug|Any CPU
		{D1AA8C1C-E42E-B350-2823-E62CB70DDF19}.Release|Any CPU.ActiveCfg = Release|Any CPU
		{D1AA8C1C-E42E-B350-2823-E62CB70DDF19}.Release|Any CPU.Build.0 = Release|Any CPU
		{3A08D5E7-CA42-FE5D-A330-F7C5F2D32FEC}.Debug|Any CPU.ActiveCfg = Debug|Any CPU
		{3A08D5E7-CA42-FE5D-A330-F7C5F2D32FEC}.Debug|Any CPU.Build.0 = Debug|Any CPU
		{3A08D5E7-CA42-FE5D-A330-F7C5F2D32FEC}.Release|Any CPU.ActiveCfg = Release|Any CPU
		{3A08D5E7-CA42-FE5D-A330-F7C5F2D32FEC}.Release|Any CPU.Build.0 = Release|Any CPU
		{1EA89150-024C-8F9A-CC2C-EED24E861F75}.Debug|Any CPU.ActiveCfg = Debug|Any CPU
		{1EA89150-024C-8F9A-CC2C-EED24E861F75}.Debug|Any CPU.Build.0 = Debug|Any CPU
		{1EA89150-024C-8F9A-CC2C-EED24E861F75}.Release|Any CPU.ActiveCfg = Release|Any CPU
		{1EA89150-024C-8F9A-CC2C-EED24E861F75}.Release|Any CPU.Build.0 = Release|Any CPU
		{3FABCE78-EB7B-C2D8-26E1-8EF99A88B87E}.Debug|Any CPU.ActiveCfg = Debug|Any CPU
		{3FABCE78-EB7B-C2D8-26E1-8EF99A88B87E}.Debug|Any CPU.Build.0 = Debug|Any CPU
		{3FABCE78-EB7B-C2D8-26E1-8EF99A88B87E}.Release|Any CPU.ActiveCfg = Release|Any CPU
		{3FABCE78-EB7B-C2D8-26E1-8EF99A88B87E}.Release|Any CPU.Build.0 = Release|Any CPU
		{1DB78FB8-921B-2C9C-2980-C32253380968}.Debug|Any CPU.ActiveCfg = Debug|Any CPU
		{1DB78FB8-921B-2C9C-2980-C32253380968}.Debug|Any CPU.Build.0 = Debug|Any CPU
		{1DB78FB8-921B-2C9C-2980-C32253380968}.Release|Any CPU.ActiveCfg = Release|Any CPU
		{1DB78FB8-921B-2C9C-2980-C32253380968}.Release|Any CPU.Build.0 = Release|Any CPU
		{1E9B9DAC-99A3-12BE-9DD4-47154EB9CB53}.Debug|Any CPU.ActiveCfg = Debug|Any CPU
		{1E9B9DAC-99A3-12BE-9DD4-47154EB9CB53}.Debug|Any CPU.Build.0 = Debug|Any CPU
		{1E9B9DAC-99A3-12BE-9DD4-47154EB9CB53}.Release|Any CPU.ActiveCfg = Release|Any CPU
		{1E9B9DAC-99A3-12BE-9DD4-47154EB9CB53}.Release|Any CPU.Build.0 = Release|Any CPU
		{42C8CD2F-4E7A-6B8D-EADC-3C1C69E89700}.Debug|Any CPU.ActiveCfg = Debug|Any CPU
		{42C8CD2F-4E7A-6B8D-EADC-3C1C69E89700}.Debug|Any CPU.Build.0 = Debug|Any CPU
		{42C8CD2F-4E7A-6B8D-EADC-3C1C69E89700}.Release|Any CPU.ActiveCfg = Release|Any CPU
		{42C8CD2F-4E7A-6B8D-EADC-3C1C69E89700}.Release|Any CPU.Build.0 = Release|Any CPU
		{5E0F9C53-ACEF-2EFF-B842-962C51B4E8C7}.Debug|Any CPU.ActiveCfg = Debug|Any CPU
		{5E0F9C53-ACEF-2EFF-B842-962C51B4E8C7}.Debug|Any CPU.Build.0 = Debug|Any CPU
		{5E0F9C53-ACEF-2EFF-B842-962C51B4E8C7}.Release|Any CPU.ActiveCfg = Release|Any CPU
		{5E0F9C53-ACEF-2EFF-B842-962C51B4E8C7}.Release|Any CPU.Build.0 = Release|Any CPU
		{E9E655B6-19AB-CFBD-029C-8BF9E2098DF5}.Debug|Any CPU.ActiveCfg = Debug|Any CPU
		{E9E655B6-19AB-CFBD-029C-8BF9E2098DF5}.Debug|Any CPU.Build.0 = Debug|Any CPU
		{E9E655B6-19AB-CFBD-029C-8BF9E2098DF5}.Release|Any CPU.ActiveCfg = Release|Any CPU
		{E9E655B6-19AB-CFBD-029C-8BF9E2098DF5}.Release|Any CPU.Build.0 = Release|Any CPU
		{4B2FC463-6F05-1467-8B7F-B18BA5D85FAC}.Debug|Any CPU.ActiveCfg = Debug|Any CPU
		{4B2FC463-6F05-1467-8B7F-B18BA5D85FAC}.Debug|Any CPU.Build.0 = Debug|Any CPU
		{4B2FC463-6F05-1467-8B7F-B18BA5D85FAC}.Release|Any CPU.ActiveCfg = Release|Any CPU
		{4B2FC463-6F05-1467-8B7F-B18BA5D85FAC}.Release|Any CPU.Build.0 = Release|Any CPU
		{D985415B-939A-8F04-E461-EB9A7DEAF45A}.Debug|Any CPU.ActiveCfg = Debug|Any CPU
		{D985415B-939A-8F04-E461-EB9A7DEAF45A}.Debug|Any CPU.Build.0 = Debug|Any CPU
		{D985415B-939A-8F04-E461-EB9A7DEAF45A}.Release|Any CPU.ActiveCfg = Release|Any CPU
		{D985415B-939A-8F04-E461-EB9A7DEAF45A}.Release|Any CPU.Build.0 = Release|Any CPU
		{EE1603BC-F7E7-AA79-129E-DDA360A17176}.Debug|Any CPU.ActiveCfg = Debug|Any CPU
		{EE1603BC-F7E7-AA79-129E-DDA360A17176}.Debug|Any CPU.Build.0 = Debug|Any CPU
		{EE1603BC-F7E7-AA79-129E-DDA360A17176}.Release|Any CPU.ActiveCfg = Release|Any CPU
		{EE1603BC-F7E7-AA79-129E-DDA360A17176}.Release|Any CPU.Build.0 = Release|Any CPU
		{D82A380C-5C5C-A0DD-4B09-46C03376DCE1}.Debug|Any CPU.ActiveCfg = Debug|Any CPU
		{D82A380C-5C5C-A0DD-4B09-46C03376DCE1}.Debug|Any CPU.Build.0 = Debug|Any CPU
		{D82A380C-5C5C-A0DD-4B09-46C03376DCE1}.Release|Any CPU.ActiveCfg = Release|Any CPU
		{D82A380C-5C5C-A0DD-4B09-46C03376DCE1}.Release|Any CPU.Build.0 = Release|Any CPU
		{E7530EF5-3A78-824E-9979-57241A751ACF}.Debug|Any CPU.ActiveCfg = Debug|Any CPU
		{E7530EF5-3A78-824E-9979-57241A751ACF}.Debug|Any CPU.Build.0 = Debug|Any CPU
		{E7530EF5-3A78-824E-9979-57241A751ACF}.Release|Any CPU.ActiveCfg = Release|Any CPU
		{E7530EF5-3A78-824E-9979-57241A751ACF}.Release|Any CPU.Build.0 = Release|Any CPU
		{D03FBFA8-A309-5DD6-6A74-F1C88C10B11B}.Debug|Any CPU.ActiveCfg = Debug|Any CPU
		{D03FBFA8-A309-5DD6-6A74-F1C88C10B11B}.Debug|Any CPU.Build.0 = Debug|Any CPU
		{D03FBFA8-A309-5DD6-6A74-F1C88C10B11B}.Release|Any CPU.ActiveCfg = Release|Any CPU
		{D03FBFA8-A309-5DD6-6A74-F1C88C10B11B}.Release|Any CPU.Build.0 = Release|Any CPU
		{7CF399C6-8B2F-D9EA-36BA-C9B71C6880E3}.Debug|Any CPU.ActiveCfg = Debug|Any CPU
		{7CF399C6-8B2F-D9EA-36BA-C9B71C6880E3}.Debug|Any CPU.Build.0 = Debug|Any CPU
		{7CF399C6-8B2F-D9EA-36BA-C9B71C6880E3}.Release|Any CPU.ActiveCfg = Release|Any CPU
		{7CF399C6-8B2F-D9EA-36BA-C9B71C6880E3}.Release|Any CPU.Build.0 = Release|Any CPU
		{D8AD885D-ADB6-B172-F1C0-EF490699AAB8}.Debug|Any CPU.ActiveCfg = Debug|Any CPU
		{D8AD885D-ADB6-B172-F1C0-EF490699AAB8}.Debug|Any CPU.Build.0 = Debug|Any CPU
		{D8AD885D-ADB6-B172-F1C0-EF490699AAB8}.Release|Any CPU.ActiveCfg = Release|Any CPU
		{D8AD885D-ADB6-B172-F1C0-EF490699AAB8}.Release|Any CPU.Build.0 = Release|Any CPU
		{8BCD7CF2-5E6A-4125-254F-0BE5A6D50C92}.Debug|Any CPU.ActiveCfg = Debug|Any CPU
		{8BCD7CF2-5E6A-4125-254F-0BE5A6D50C92}.Debug|Any CPU.Build.0 = Debug|Any CPU
		{8BCD7CF2-5E6A-4125-254F-0BE5A6D50C92}.Release|Any CPU.ActiveCfg = Release|Any CPU
		{8BCD7CF2-5E6A-4125-254F-0BE5A6D50C92}.Release|Any CPU.Build.0 = Release|Any CPU
		{9B69972C-14FA-7885-9689-7222C07A06C0}.Debug|Any CPU.ActiveCfg = Debug|Any CPU
		{9B69972C-14FA-7885-9689-7222C07A06C0}.Debug|Any CPU.Build.0 = Debug|Any CPU
		{9B69972C-14FA-7885-9689-7222C07A06C0}.Release|Any CPU.ActiveCfg = Release|Any CPU
		{9B69972C-14FA-7885-9689-7222C07A06C0}.Release|Any CPU.Build.0 = Release|Any CPU
	EndGlobalSection
	GlobalSection(SolutionProperties) = preSolution
		HideSolutionNode = FALSE
	EndGlobalSection
EndGlobal
